{
  "originHash" : "577dc530d3e535dbc6e3fe2c289bda4dc802ba64b643bdb5b94f4667eca56f54",
  "pins" : [
    {
      "identity" : "grdb.swift",
      "kind" : "remoteSourceControl",
      "location" : "https://github.com/groue/GRDB.swift",
      "state" : {
        "revision" : "b83108d10f42680d78f23fe4d4d80fc88dab3212",
        "version" : "7.11.1"
      }
    },
    {
      "identity" : "nesteda11yids",
      "kind" : "remoteSourceControl",
      "location" : "https://github.com/SoundBlaster/NestedA11yIDs",
      "state" : {
        "revision" : "ad123fbc8dda58f20de1e6fbd21120bcfbaabf85",
        "version" : "1.0.0"
      }
    },
    {
      "identity" : "specificationcore",
      "kind" : "remoteSourceControl",
      "location" : "https://github.com/SoundBlaster/SpecificationCore",
      "state" : {
        "revision" : "f3ed68ce29db42de54a4ae905a304b61bdc50ce7",
        "version" : "1.1.0"
      }
    },
    {
      "identity" : "specificationkit",
      "kind" : "remoteSourceControl",
      "location" : "https://github.com/SoundBlaster/SpecificationKit",
      "state" : {
        "revision" : "d81e7f8a3586c9b4279044f984ae7830c6dd0b49",
        "version" : "4.0.1"
      }
    },
    {
      "identity" : "swift-argument-parser",
      "kind" : "remoteSourceControl",
      "location" : "https://github.com/apple/swift-argument-parser",
      "state" : {
        "revision" : "6a52f3251125d74daf04fcbd5e6f08a75d074382",
        "version" : "1.8.2"
      }
    },
    {
      "identity" : "swift-syntax",
      "kind" : "remoteSourceControl",
      "location" : "https://github.com/swiftlang/swift-syntax",
      "state" : {
        "revision" : "2bc86522d115234d1f588efe2bcb4ce4be8f8b82",
        "version" : "510.0.3"
      }
    }
  ],
  "version" : 3
}
